
Microsoft Visual Studio Solution File, Format Version 12.00
# Visual Studio Version 17
VisualStudioVersion = 17.13.35806.99
MinimumVisualStudioVersion = 10.0.40219.1
Project("{FAE04EC0-301F-11D3-BF4B-00C04F79EFBC}") = "STROM.ATOM.TOOL.Common", "STROM.ATOM.TOOL.Common\STROM.ATOM.TOOL.Common\STROM.ATOM.TOOL.Common.csproj", "{E7B787DF-19EA-0159-3243-857439DC5097}"
EndProject
Project("{FAE04EC0-301F-11D3-BF4B-00C04F79EFBC}") = "STROM.ATOM.TOOL.Common.Tests", "STROM.ATOM.TOOL.Common\STROM.ATOM.TOOL.Common.Tests\STROM.ATOM.TOOL.Common.Tests.csproj", "{C7D2B47E-3230-044E-018A-65A802798FAD}"
EndProject
Global
	GlobalSection(SolutionConfigurationPlatforms) = preSolution
		Debug|Any CPU = Debug|Any CPU
		Release|Any CPU = Release|Any CPU
	EndGlobalSection
	GlobalSection(ProjectConfigurationPlatforms) = postSolution
		{E7B787DF-19EA-0159-3243-857439DC5097}.Debug|Any CPU.ActiveCfg = Debug|Any CPU
		{E7B787DF-19EA-0159-3243-857439DC5097}.Debug|Any CPU.Build.0 = Debug|Any CPU
		{E7B787DF-19EA-0159-3243-857439DC5097}.Release|Any CPU.ActiveCfg = Release|Any CPU
		{E7B787DF-19EA-0159-3243-857439DC5097}.Release|Any CPU.Build.0 = Release|Any CPU
		{C7D2B47E-3230-044E-018A-65A802798FAD}.Debug|Any CPU.ActiveCfg = Debug|Any CPU
		{C7D2B47E-3230-044E-018A-65A802798FAD}.Debug|Any CPU.Build.0 = Debug|Any CPU
		{C7D2B47E-3230-044E-018A-65A802798FAD}.Release|Any CPU.ActiveCfg = Release|Any CPU
		{C7D2B47E-3230-044E-018A-65A802798FAD}.Release|Any CPU.Build.0 = Release|Any CPU
	EndGlobalSection
	GlobalSection(SolutionProperties) = preSolution
		HideSolutionNode = FALSE
	EndGlobalSection
	GlobalSection(ExtensibilityGlobals) = postSolution
		SolutionGuid = {5DD3C65F-D95D-43B5-A21A-B13ED33C3420}
	EndGlobalSection
EndGlobal
